// !$*UTF8*$!
{
	archiveVersion = 1;
	classes = {
	};
	objectVersion = 50;
	objects = {

/* Begin PBXBuildFile section */
		8412B24B2174366D005FCCB6 /* AppDelegate.swift in Sources */ = {isa = PBXBuildFile; fileRef = 8412B24A2174366D005FCCB6 /* AppDelegate.swift */; };
		8412B24D2174366D005FCCB6 /* ViewController.swift in Sources */ = {isa = PBXBuildFile; fileRef = 8412B24C2174366D005FCCB6 /* ViewController.swift */; };
		8412B2502174366D005FCCB6 /* Main.storyboard in Resources */ = {isa = PBXBuildFile; fileRef = 8412B24E2174366D005FCCB6 /* Main.storyboard */; };
		8412B25221743670005FCCB6 /* Assets.xcassets in Resources */ = {isa = PBXBuildFile; fileRef = 8412B25121743670005FCCB6 /* Assets.xcassets */; };
		8412B25521743670005FCCB6 /* LaunchScreen.storyboard in Resources */ = {isa = PBXBuildFile; fileRef = 8412B25321743670005FCCB6 /* LaunchScreen.storyboard */; };
		8412B25D21743DA0005FCCB6 /* RegisterViewController.swift in Sources */ = {isa = PBXBuildFile; fileRef = 8412B25C21743DA0005FCCB6 /* RegisterViewController.swift */; };
		8412B25F21744DE8005FCCB6 /* CellViewController.swift in Sources */ = {isa = PBXBuildFile; fileRef = 8412B25E21744DE8005FCCB6 /* CellViewController.swift */; };
		8412B261217451A3005FCCB6 /* DesignableTextField.swift in Sources */ = {isa = PBXBuildFile; fileRef = 8412B260217451A3005FCCB6 /* DesignableTextField.swift */; };
		84460E8721764D7600C2F43C /* CommunityViewController.swift in Sources */ = {isa = PBXBuildFile; fileRef = 84460E8621764D7600C2F43C /* CommunityViewController.swift */; };
		84460E89217651FF00C2F43C /* View6TableViewCell.swift in Sources */ = {isa = PBXBuildFile; fileRef = 84460E88217651FF00C2F43C /* View6TableViewCell.swift */; };
		84667FC021758F8700899B09 /* CollectionViewController.swift in Sources */ = {isa = PBXBuildFile; fileRef = 84667FBF21758F8700899B09 /* CollectionViewController.swift */; };
		84667FC2217591BF00899B09 /* View5CollectionViewCell.swift in Sources */ = {isa = PBXBuildFile; fileRef = 84667FC1217591BF00899B09 /* View5CollectionViewCell.swift */; };
/* End PBXBuildFile section */

/* Begin PBXFileReference section */
		8412B2472174366D005FCCB6 /* Product5.app */ = {isa = PBXFileReference; explicitFileType = wrapper.application; includeInIndex = 0; path = Product5.app; sourceTree = BUILT_PRODUCTS_DIR; };
		8412B24A2174366D005FCCB6 /* AppDelegate.swift */ = {isa = PBXFileReference; lastKnownFileType = sourcecode.swift; path = AppDelegate.swift; sourceTree = "<group>"; };
		8412B24C2174366D005FCCB6 /* ViewController.swift */ = {isa = PBXFileReference; lastKnownFileType = sourcecode.swift; path = ViewController.swift; sourceTree = "<group>"; };
		8412B24F2174366D005FCCB6 /* Base */ = {isa = PBXFileReference; lastKnownFileType = file.storyboard; name = Base; path = Base.lproj/Main.storyboard; sourceTree = "<group>"; };
		8412B25121743670005FCCB6 /* Assets.xcassets */ = {isa = PBXFileReference; lastKnownFileType = folder.assetcatalog; path = Assets.xcassets; sourceTree = "<group>"; };
		8412B25421743670005FCCB6 /* Base */ = {isa = PBXFileReference; lastKnownFileType = file.storyboard; name = Base; path = Base.lproj/LaunchScreen.storyboard; sourceTree = "<group>"; };
		8412B25621743670005FCCB6 /* Info.plist */ = {isa = PBXFileReference; lastKnownFileType = text.plist.xml; path = Info.plist; sourceTree = "<group>"; };
		8412B25C21743DA0005FCCB6 /* RegisterViewController.swift */ = {isa = PBXFileReference; lastKnownFileType = sourcecode.swift; path = RegisterViewController.swift; sourceTree = "<group>"; };
		8412B25E21744DE8005FCCB6 /* CellViewController.swift */ = {isa = PBXFileReference; lastKnownFileType = sourcecode.swift; path = CellViewController.swift; sourceTree = "<group>"; };
		8412B260217451A3005FCCB6 /* DesignableTextField.swift */ = {isa = PBXFileReference; lastKnownFileType = sourcecode.swift; path = DesignableTextField.swift; sourceTree = "<group>"; };
		84460E8621764D7600C2F43C /* CommunityViewController.swift */ = {isa = PBXFileReference; lastKnownFileType = sourcecode.swift; path = CommunityViewController.swift; sourceTree = "<group>"; };
		84460E88217651FF00C2F43C /* View6TableViewCell.swift */ = {isa = PBXFileReference; lastKnownFileType = sourcecode.swift; path = View6TableViewCell.swift; sourceTree = "<group>"; };
		84667FBF21758F8700899B09 /* CollectionViewController.swift */ = {isa = PBXFileReference; lastKnownFileType = sourcecode.swift; path = CollectionViewController.swift; sourceTree = "<group>"; };
		84667FC1217591BF00899B09 /* View5CollectionViewCell.swift */ = {isa = PBXFileReference; lastKnownFileType = sourcecode.swift; path = View5CollectionViewCell.swift; sourceTree = "<group>"; };
/* End PBXFileReference section */

/* Begin PBXFrameworksBuildPhase section */
		8412B2442174366D005FCCB6 /* Frameworks */ = {
			isa = PBXFrameworksBuildPhase;
			buildActionMask = 2147483647;
			files = (
			);
			runOnlyForDeploymentPostprocessing = 0;
		};
/* End PBXFrameworksBuildPhase section */

/* Begin PBXGroup section */
		8412B23E2174366D005FCCB6 = {
			isa = PBXGroup;
			children = (
				8412B2492174366D005FCCB6 /* Product5 */,
				8412B2482174366D005FCCB6 /* Products */,
			);
			sourceTree = "<group>";
		};
		8412B2482174366D005FCCB6 /* Products */ = {
			isa = PBXGroup;
			children = (
				8412B2472174366D005FCCB6 /* Product5.app */,
			);
			name = Products;
			sourceTree = "<group>";
		};
		8412B2492174366D005FCCB6 /* Product5 */ = {
			isa = PBXGroup;
			children = (
				8412B24A2174366D005FCCB6 /* AppDelegate.swift */,
				8412B24C2174366D005FCCB6 /* ViewController.swift */,
				8412B24E2174366D005FCCB6 /* Main.storyboard */,
				8412B25121743670005FCCB6 /* Assets.xcassets */,
				8412B25321743670005FCCB6 /* LaunchScreen.storyboard */,
				8412B25621743670005FCCB6 /* Info.plist */,
				8412B25C21743DA0005FCCB6 /* RegisterViewController.swift */,
				8412B25E21744DE8005FCCB6 /* CellViewController.swift */,
				8412B260217451A3005FCCB6 /* DesignableTextField.swift */,
				84667FBF21758F8700899B09 /* CollectionViewController.swift */,
				84667FC1217591BF00899B09 /* View5CollectionViewCell.swift */,
				84460E8621764D7600C2F43C /* CommunityViewController.swift */,
				84460E88217651FF00C2F43C /* View6TableViewCell.swift */,
			);
			path = Product5;
			sourceTree = "<group>";
		};
/* End PBXGroup section */

/* Begin PBXNativeTarget section */
		8412B2462174366D005FCCB6 /* Product5 */ = {
			isa = PBXNativeTarget;
			buildConfigurationList = 8412B25921743670005FCCB6 /* Build configuration list for PBXNativeTarget "Product5" */;
			buildPhases = (
				8412B2432174366D005FCCB6 /* Sources */,
				8412B2442174366D005FCCB6 /* Frameworks */,
				8412B2452174366D005FCCB6 /* Resources */,
			);
			buildRules = (
			);
			dependencies = (
			);
			name = Product5;
			productName = Product5;
			productReference = 8412B2472174366D005FCCB6 /* Product5.app */;
			productType = "com.apple.product-type.application";
		};
/* End PBXNativeTarget section */

/* Begin PBXProject section */
		8412B23F2174366D005FCCB6 /* Project object */ = {
			isa = PBXProject;
			attributes = {
				LastSwiftUpdateCheck = 1000;
				LastUpgradeCheck = 1000;
				ORGANIZATIONNAME = luong;
				TargetAttributes = {
					8412B2462174366D005FCCB6 = {
						CreatedOnToolsVersion = 10.0;
					};
				};
			};
			buildConfigurationList = 8412B2422174366D005FCCB6 /* Build configuration list for PBXProject "Product5" */;
			compatibilityVersion = "Xcode 9.3";
			developmentRegion = en;
			hasScannedForEncodings = 0;
			knownRegions = (
				en,
				Base,
			);
			mainGroup = 8412B23E2174366D005FCCB6;
			productRefGroup = 8412B2482174366D005FCCB6 /* Products */;
			projectDirPath = "";
			projectRoot = "";
			targets = (
				8412B2462174366D005FCCB6 /* Product5 */,
			);
		};
/* End PBXProject section */

/* Begin PBXResourcesBuildPhase section */
		8412B2452174366D005FCCB6 /* Resources */ = {
			isa = PBXResourcesBuildPhase;
			buildActionMask = 2147483647;
			files = (
				8412B25521743670005FCCB6 /* LaunchScreen.storyboard in Resources */,
				8412B25221743670005FCCB6 /* Assets.xcassets in Resources */,
				8412B2502174366D005FCCB6 /* Main.storyboard in Resources */,
			);
			runOnlyForDeploymentPostprocessing = 0;
		};
/* End PBXResourcesBuildPhase section */

/* Begin PBXSourcesBuildPhase section */
		8412B2432174366D005FCCB6 /* Sources */ = {
			isa = PBXSourcesBuildPhase;
			buildActionMask = 2147483647;
			files = (
				84460E89217651FF00C2F43C /* View6TableViewCell.swift in Sources */,
				84667FC021758F8700899B09 /* CollectionViewController.swift in Sources */,
				8412B25D21743DA0005FCCB6 /* RegisterViewController.swift in Sources */,
				8412B24D2174366D005FCCB6 /* ViewController.swift in Sources */,
				8412B261217451A3005FCCB6 /* DesignableTextField.swift in Sources */,
				84460E8721764D7600C2F43C /* CommunityViewController.swift in Sources */,
				8412B25F21744DE8005FCCB6 /* CellViewController.swift in Sources */,
				8412B24B2174366D005FCCB6 /* AppDelegate.swift in Sources */,
				84667FC2217591BF00899B09 /* View5CollectionViewCell.swift in Sources */,
			);
			runOnlyForDeploymentPostprocessing = 0;
		};
/* End PBXSourcesBuildPhase section */

/* Begin PBXVariantGroup section */
		8412B24E2174366D005FCCB6 /* Main.storyboard */ = {
			isa = PBXVariantGroup;
			children = (
				8412B24F2174366D005FCCB6 /* Base */,
			);
			name = Main.storyboard;
			sourceTree = "<group>";
		};
		8412B25321743670005FCCB6 /* LaunchScreen.storyboard */ = {
			isa = PBXVariantGroup;
			children = (
				8412B25421743670005FCCB6 /* Base */,
			);
			name = LaunchScreen.storyboard;
			sourceTree = "<group>";
		};
/* End PBXVariantGroup section */

/* Begin XCBuildConfiguration section */
		8412B25721743670005FCCB6 /* Debug */ = {
			isa = XCBuildConfiguration;
			buildSettings = {
				ALWAYS_SEARCH_USER_PATHS = NO;
				CLANG_ANALYZER_NONNULL = YES;
				CLANG_ANALYZER_NUMBER_OBJECT_CONVERSION = YES_AGGRESSIVE;
				CLANG_CXX_LANGUAGE_STANDARD = "gnu++14";
				CLANG_CXX_LIBRARY = "libc++";
				CLANG_ENABLE_MODULES = YES;
				CLANG_ENABLE_OBJC_ARC = YES;
				CLANG_ENABLE_OBJC_WEAK = YES;
				CLANG_WARN_BLOCK_CAPTURE_AUTORELEASING = YES;
				CLANG_WARN_BOOL_CONVERSION = YES;
				CLANG_WARN_COMMA = YES;
				CLANG_WARN_CONSTANT_CONVERSION = YES;
				CLANG_WARN_DEPRECATED_OBJC_IMPLEMENTATIONS = YES;
				CLANG_WARN_DIRECT_OBJC_ISA_USAGE = YES_ERROR;
				CLANG_WARN_DOCUMENTATION_COMMENTS = YES;
				CLANG_WARN_EMPTY_BODY = YES;
				CLANG_WARN_ENUM_CONVERSION = YES;
				CLANG_WARN_INFINITE_RECURSION = YES;
				CLANG_WARN_INT_CONVERSION = YES;
				CLANG_WARN_NON_LITERAL_NULL_CONVERSION = YES;
				CLANG_WARN_OBJC_IMPLICIT_RETAIN_SELF = YES;
				CLANG_WARN_OBJC_LITERAL_CONVERSION = YES;
				CLANG_WARN_OBJC_ROOT_CLASS = YES_ERROR;
				CLANG_WARN_RANGE_LOOP_ANALYSIS = YES;
				CLANG_WARN_STRICT_PROTOTYPES = YES;
				CLANG_WARN_SUSPICIOUS_MOVE = YES;
				CLANG_WARN_UNGUARDED_AVAILABILITY = YES_AGGRESSIVE;
				CLANG_WARN_UNREACHABLE_CODE = YES;
				CLANG_WARN__DUPLICATE_METHOD_MATCH = YES;
				CODE_SIGN_IDENTITY = "iPhone Developer";
				COPY_PHASE_STRIP = NO;
				DEBUG_INFORMATION_FORMAT = dwarf;
				ENABLE_STRICT_OBJC_MSGSEND = YES;
				ENABLE_TESTABILITY = YES;
				GCC_C_LANGUAGE_STANDARD = gnu11;
				GCC_DYNAMIC_NO_PIC = NO;
				GCC_NO_COMMON_BLOCKS = YES;
				GCC_OPTIMIZATION_LEVEL = 0;
				GCC_PREPROCESSOR_DEFINITIONS = (
					"DEBUG=1",
					"$(inherited)",
				);
				GCC_WARN_64_TO_32_BIT_CONVERSION = YES;
				GCC_WARN_ABOUT_RETURN_TYPE = YES_ERROR;
				GCC_WARN_UNDECLARED_SELECTOR = YES;
				GCC_WARN_UNINITIALIZED_AUTOS = YES_AGGRESSIVE;
				GCC_WARN_UNUSED_FUNCTION = YES;
				GCC_WARN_UNUSED_VARIABLE = YES;
				IPHONEOS_DEPLOYMENT_TARGET = 12.0;
				MTL_ENABLE_DEBUG_INFO = INCLUDE_SOURCE;
				MTL_FAST_MATH = YES;
				ONLY_ACTIVE_ARCH = YES;
				SDKROOT = iphoneos;
				SWIFT_ACTIVE_COMPILATION_CONDITIONS = DEBUG;
				SWIFT_OPTIMIZATION_LEVEL = "-Onone";
			};
			name = Debug;
		};
		8412B25821743670005FCCB6 /* Release */ = {
			isa = XCBuildConfiguration;
			buildSettings = {
				ALWAYS_SEARCH_USER_PATHS = NO;
				CLANG_ANALYZER_NONNULL = YES;
				CLANG_ANALYZER_NUMBER_OBJECT_CONVERSION = YES_AGGRESSIVE;
				CLANG_CXX_LANGUAGE_STANDARD = "gnu++14";
				CLANG_CXX_LIBRARY = "libc++";
				CLANG_ENABLE_MODULES = YES;
				CLANG_ENABLE_OBJC_ARC = YES;
				CLANG_ENABLE_OBJC_WEAK = YES;
				CLANG_WARN_BLOCK_CAPTURE_AUTORELEASING = YES;
				CLANG_WARN_BOOL_CONVERSION = YES;
				CLANG_WARN_COMMA = YES;
				CLANG_WARN_CONSTANT_CONVERSION = YES;
				CLANG_WARN_DEPRECATED_OBJC_IMPLEMENTATIONS = YES;
				CLANG_WARN_DIRECT_OBJC_ISA_USAGE = YES_ERROR;
				CLANG_WARN_DOCUMENTATION_COMMENTS = YES;
				CLANG_WARN_EMPTY_BODY = YES;
				CLANG_WARN_ENUM_CONVERSION = YES;
				CLANG_WARN_INFINITE_RECURSION = YES;
				CLANG_WARN_INT_CONVERSION = YES;
				CLANG_WARN_NON_LITERAL_NULL_CONVERSION = YES;
				CLANG_WARN_OBJC_IMPLICIT_RETAIN_SELF = YES;
				CLANG_WARN_OBJC_LITERAL_CONVERSION = YES;
				CLANG_WARN_OBJC_ROOT_CLASS = YES_ERROR;
				CLANG_WARN_RANGE_LOOP_ANALYSIS = YES;
				CLANG_WARN_STRICT_PROTOTYPES = YES;
				CLANG_WARN_SUSPICIOUS_MOVE = YES;
				CLANG_WARN_UNGUARDED_AVAILABILITY = YES_AGGRESSIVE;
				CLANG_WARN_UNREACHABLE_CODE = YES;
				CLANG_WARN__DUPLICATE_METHOD_MATCH = YES;
				CODE_SIGN_IDENTITY = "iPhone Developer";
				COPY_PHASE_STRIP = NO;
				DEBUG_INFORMATION_FORMAT = "dwarf-with-dsym";
				ENABLE_NS_ASSERTIONS = NO;
				ENABLE_STRICT_OBJC_MSGSEND = YES;
				GCC_C_LANGUAGE_STANDARD = gnu11;
				GCC_NO_COMMON_BLOCKS = YES;
				GCC_WARN_64_TO_32_BIT_CONVERSION = YES;
				GCC_WARN_ABOUT_RETURN_TYPE = YES_ERROR;
				GCC_WARN_UNDECLARED_SELECTOR = YES;
				GCC_WARN_UNINITIALIZED_AUTOS = YES_AGGRESSIVE;
				GCC_WARN_UNUSED_FUNCTION = YES;
				GCC_WARN_UNUSED_VARIABLE = YES;
				IPHONEOS_DEPLOYMENT_TARGET = 12.0;
				MTL_ENABLE_DEBUG_INFO = NO;
				MTL_FAST_MATH = YES;
				SDKROOT = iphoneos;
				SWIFT_COMPILATION_MODE = wholemodule;
				SWIFT_OPTIMIZATION_LEVEL = "-O";
				VALIDATE_PRODUCT = YES;
			};
			name = Release;
		};
		8412B25A21743670005FCCB6 /* Debug */ = {
			isa = XCBuildConfiguration;
			buildSettings = {
				ASSETCATALOG_COMPILER_APPICON_NAME = AppIcon;
				CODE_SIGN_STYLE = Automatic;
				INFOPLIST_FILE = Product5/Info.plist;
				LD_RUNPATH_SEARCH_PATHS = (
					"$(inherited)",
					"@executable_path/Frameworks",
				);
				PRODUCT_BUNDLE_IDENTIFIER = luong.Product5;
				PRODUCT_NAME = "$(TARGET_NAME)";
				SWIFT_VERSION = 4.2;
				TARGETED_DEVICE_FAMILY = "1,2";
			};
			name = Debug;
		};
		8412B25B21743670005FCCB6 /* Release */ = {
			isa = XCBuildConfiguration;
			buildSettings = {
				ASSETCATALOG_COMPILER_APPICON_NAME = AppIcon;
				CODE_SIGN_STYLE = Automatic;
				INFOPLIST_FILE = Product5/Info.plist;
				LD_RUNPATH_SEARCH_PATHS = (
					"$(inherited)",
					"@executable_path/Frameworks",
				);
				PRODUCT_BUNDLE_IDENTIFIER = luong.Product5;
				PRODUCT_NAME = "$(TARGET_NAME)";
				SWIFT_VERSION = 4.2;
				TARGETED_DEVICE_FAMILY = "1,2";
			};
			name = Release;
		};
/* End XCBuildConfiguration section */

/* Begin XCConfigurationList section */
		8412B2422174366D005FCCB6 /* Build configuration list for PBXProject "Product5" */ = {
			isa = XCConfigurationList;
			buildConfigurations = (
				8412B25721743670005FCCB6 /* Debug */,
				8412B25821743670005FCCB6 /* Release */,
			);
			defaultConfigurationIsVisible = 0;
			defaultConfigurationName = Release;
		};
		8412B25921743670005FCCB6 /* Build configuration list for PBXNativeTarget "Product5" */ = {
			isa = XCConfigurationList;
			buildConfigurations = (
				8412B25A21743670005FCCB6 /* Debug */,
				8412B25B21743670005FCCB6 /* Release */,
			);
			defaultConfigurationIsVisible = 0;
			defaultConfigurationName = Release;
		};
/* End XCConfigurationList section */
	};
	rootObject = 8412B23F2174366D005FCCB6 /* Project object */;
}
